<Solution>
  <Folder Name="/src/">
    <Project Path="src/Ling.Configuration.Database/Ling.Configuration.Database.csproj" />
    <Project Path="src/Ling.Configuration.Database.AdoNet/Ling.Configuration.Database.AdoNet.csproj" />
    <Project Path="src/Ling.Configuration.Database.EntityFrameworkCore/Ling.Configuration.Database.EntityFrameworkCore.csproj" />
  </Folder>
  <Folder Name="/tests/">
    <Project Path="tests/Ling.Configuration.Database.Tests/Ling.Configuration.Database.Tests.csproj" />
    <Project Path="tests/Ling.Configuration.Database.AdoNet.Tests/Ling.Configuration.Database.AdoNet.Tests.csproj" />
    <Project Path="tests/Ling.Configuration.Database.EntityFrameworkCore.Tests/Ling.Configuration.Database.EntityFrameworkCore.Tests.csproj" />
  </Folder>
  <Folder Name="/samples/">
    <Project Path="samples/Ling.Configuration.Database.AdoNet.Sample/Ling.Configuration.Database.AdoNet.Sample.csproj" />
    <Project Path="samples/Ling.Configuration.Database.EntityFrameworkCore.Sample/Ling.Configuration.Database.EntityFrameworkCore.Sample.csproj" />
  </Folder>
  <Folder Name="/Solution items/">
    <File Path=".editorconfig" />
    <File Path=".gitignore" />
    <File Path="assets/icon.png" />
    <File Path="Directory.Build.props" />
    <File Path="LICENSE" />
    <File Path="README.md" />
    <File Path="README.zh-CN.md" />
    <File Path="src/Directory.Build.props" />
  </Folder>
</Solution>
